// !$*UTF8*$!
{
	archiveVersion = 1;
	classes = {
	};
	objectVersion = 46;
	objects = {

/* Begin PBXBuildFile section */
		DC456F621947C10D0044304C /* UIKit.framework in Frameworks */ = {isa = PBXBuildFile; fileRef = DC456F611947C10D0044304C /* UIKit.framework */; };
		DC74894B1E06D52200526433 /* NKJMovieComposer.framework in Frameworks */ = {isa = PBXBuildFile; fileRef = DC74894A1E06D52200526433 /* NKJMovieComposer.framework */; };
		DC74894C1E06D52200526433 /* NKJMovieComposer.framework in Embed Frameworks */ = {isa = PBXBuildFile; fileRef = DC74894A1E06D52200526433 /* NKJMovieComposer.framework */; settings = {ATTRIBUTES = (CodeSignOnCopy, RemoveHeadersOnCopy, ); }; };
		DC7925B919658F6F0010FDD6 /* AssetsLibrary.framework in Frameworks */ = {isa = PBXBuildFile; fileRef = DC7925B819658F6F0010FDD6 /* AssetsLibrary.framework */; };
		DC98A01A19624B2600EE80F2 /* movie001.mov in Resources */ = {isa = PBXBuildFile; fileRef = DC98A01519624B2600EE80F2 /* movie001.mov */; };
		DC98A01B19624B2600EE80F2 /* movie002.mov in Resources */ = {isa = PBXBuildFile; fileRef = DC98A01619624B2600EE80F2 /* movie002.mov */; };
		DC98A01C19624B2600EE80F2 /* movie_long001.mov in Resources */ = {isa = PBXBuildFile; fileRef = DC98A01719624B2600EE80F2 /* movie_long001.mov */; };
		DC98A01D19624B2600EE80F2 /* movie_long002.mov in Resources */ = {isa = PBXBuildFile; fileRef = DC98A01819624B2600EE80F2 /* movie_long002.mov */; };
		DC98A01E19624B2600EE80F2 /* movie_wipe001.mov in Resources */ = {isa = PBXBuildFile; fileRef = DC98A01919624B2600EE80F2 /* movie_wipe001.mov */; };
		DCB8A6271947C0AC0064597C /* AppDelegate.swift in Sources */ = {isa = PBXBuildFile; fileRef = DCB8A6261947C0AC0064597C /* AppDelegate.swift */; };
		DCB8A62C1947C0AC0064597C /* Main.storyboard in Resources */ = {isa = PBXBuildFile; fileRef = DCB8A62A1947C0AC0064597C /* Main.storyboard */; };
		DCB8A62E1947C0AC0064597C /* Images.xcassets in Resources */ = {isa = PBXBuildFile; fileRef = DCB8A62D1947C0AC0064597C /* Images.xcassets */; };
		DCB8A6441947C1370064597C /* AVFoundation.framework in Frameworks */ = {isa = PBXBuildFile; fileRef = DCB8A6431947C1370064597C /* AVFoundation.framework */; };
		DCB8A6491947C3C80064597C /* ViewController.swift in Sources */ = {isa = PBXBuildFile; fileRef = DCB8A6481947C3C80064597C /* ViewController.swift */; };
		DCB8A64B1947C41B0064597C /* LoadingImageView.swift in Sources */ = {isa = PBXBuildFile; fileRef = DCB8A64A1947C41B0064597C /* LoadingImageView.swift */; };
		DCB8A64D1947C4290064597C /* ConfirmViewController.swift in Sources */ = {isa = PBXBuildFile; fileRef = DCB8A64C1947C4290064597C /* ConfirmViewController.swift */; };
		DCBF4B7D19605123008C5A6B /* CoreMedia.framework in Frameworks */ = {isa = PBXBuildFile; fileRef = DCBF4B7C19605123008C5A6B /* CoreMedia.framework */; };
		DCBF4B8019607872008C5A6B /* Foundation.framework in Frameworks */ = {isa = PBXBuildFile; fileRef = DCBF4B7F19607872008C5A6B /* Foundation.framework */; };
		DCF928BC1BBC33EA00C40621 /* Launch Screen.storyboard in Resources */ = {isa = PBXBuildFile; fileRef = DCF928BB1BBC33EA00C40621 /* Launch Screen.storyboard */; };
/* End PBXBuildFile section */

/* Begin PBXCopyFilesBuildPhase section */
		DC74894D1E06D52200526433 /* Embed Frameworks */ = {
			isa = PBXCopyFilesBuildPhase;
			buildActionMask = 2147483647;
			dstPath = "";
			dstSubfolderSpec = 10;
			files = (
				DC74894C1E06D52200526433 /* NKJMovieComposer.framework in Embed Frameworks */,
			);
			name = "Embed Frameworks";
			runOnlyForDeploymentPostprocessing = 0;
		};
/* End PBXCopyFilesBuildPhase section */

/* Begin PBXFileReference section */
		DC456F611947C10D0044304C /* UIKit.framework */ = {isa = PBXFileReference; lastKnownFileType = wrapper.framework; name = UIKit.framework; path = System/Library/Frameworks/UIKit.framework; sourceTree = SDKROOT; };
		DC74894A1E06D52200526433 /* NKJMovieComposer.framework */ = {isa = PBXFileReference; explicitFileType = wrapper.framework; path = NKJMovieComposer.framework; sourceTree = BUILT_PRODUCTS_DIR; };
		DC7925B819658F6F0010FDD6 /* AssetsLibrary.framework */ = {isa = PBXFileReference; lastKnownFileType = wrapper.framework; name = AssetsLibrary.framework; path = System/Library/Frameworks/AssetsLibrary.framework; sourceTree = SDKROOT; };
		DC79DE501C30F8BB001C598B /* NKJMovieComposer.framework */ = {isa = PBXFileReference; explicitFileType = wrapper.framework; name = NKJMovieComposer.framework; path = "/Users/nakajijapan/Library/Developer/Xcode/DerivedData/NKJMovieComposer-bdtotqynwjxklmekxinizqiapnbp/Build/Products/Debug-iphoneos/NKJMovieComposer.framework"; sourceTree = "<absolute>"; };
		DC98A01519624B2600EE80F2 /* movie001.mov */ = {isa = PBXFileReference; lastKnownFileType = video.quicktime; path = movie001.mov; sourceTree = "<group>"; };
		DC98A01619624B2600EE80F2 /* movie002.mov */ = {isa = PBXFileReference; lastKnownFileType = video.quicktime; path = movie002.mov; sourceTree = "<group>"; };
		DC98A01719624B2600EE80F2 /* movie_long001.mov */ = {isa = PBXFileReference; lastKnownFileType = video.quicktime; path = movie_long001.mov; sourceTree = "<group>"; };
		DC98A01819624B2600EE80F2 /* movie_long002.mov */ = {isa = PBXFileReference; lastKnownFileType = video.quicktime; path = movie_long002.mov; sourceTree = "<group>"; };
		DC98A01919624B2600EE80F2 /* movie_wipe001.mov */ = {isa = PBXFileReference; lastKnownFileType = video.quicktime; path = movie_wipe001.mov; sourceTree = "<group>"; };
		DCB8A6211947C0AC0064597C /* NKJMovieComposerDemo.app */ = {isa = PBXFileReference; explicitFileType = wrapper.application; includeInIndex = 0; path = NKJMovieComposerDemo.app; sourceTree = BUILT_PRODUCTS_DIR; };
		DCB8A6251947C0AC0064597C /* Info.plist */ = {isa = PBXFileReference; lastKnownFileType = text.plist.xml; path = Info.plist; sourceTree = "<group>"; };
		DCB8A6261947C0AC0064597C /* AppDelegate.swift */ = {isa = PBXFileReference; lastKnownFileType = sourcecode.swift; path = AppDelegate.swift; sourceTree = "<group>"; };
		DCB8A62B1947C0AC0064597C /* Base */ = {isa = PBXFileReference; lastKnownFileType = file.storyboard; name = Base; path = Base.lproj/Main.storyboard; sourceTree = "<group>"; };
		DCB8A62D1947C0AC0064597C /* Images.xcassets */ = {isa = PBXFileReference; lastKnownFileType = folder.assetcatalog; path = Images.xcassets; sourceTree = "<group>"; };
		DCB8A6431947C1370064597C /* AVFoundation.framework */ = {isa = PBXFileReference; lastKnownFileType = wrapper.framework; name = AVFoundation.framework; path = System/Library/Frameworks/AVFoundation.framework; sourceTree = SDKROOT; };
		DCB8A6481947C3C80064597C /* ViewController.swift */ = {isa = PBXFileReference; fileEncoding = 4; lastKnownFileType = sourcecode.swift; path = ViewController.swift; sourceTree = "<group>"; };
		DCB8A64A1947C41B0064597C /* LoadingImageView.swift */ = {isa = PBXFileReference; fileEncoding = 4; lastKnownFileType = sourcecode.swift; path = LoadingImageView.swift; sourceTree = "<group>"; };
		DCB8A64C1947C4290064597C /* ConfirmViewController.swift */ = {isa = PBXFileReference; fileEncoding = 4; lastKnownFileType = sourcecode.swift; path = ConfirmViewController.swift; sourceTree = "<group>"; };
		DCBF4B7C19605123008C5A6B /* CoreMedia.framework */ = {isa = PBXFileReference; lastKnownFileType = wrapper.framework; name = CoreMedia.framework; path = System/Library/Frameworks/CoreMedia.framework; sourceTree = SDKROOT; };
		DCBF4B7F19607872008C5A6B /* Foundation.framework */ = {isa = PBXFileReference; lastKnownFileType = wrapper.framework; name = Foundation.framework; path = System/Library/Frameworks/Foundation.framework; sourceTree = SDKROOT; };
		DCF928BB1BBC33EA00C40621 /* Launch Screen.storyboard */ = {isa = PBXFileReference; fileEncoding = 4; lastKnownFileType = file.storyboard; path = "Launch Screen.storyboard"; sourceTree = "<group>"; };
/* End PBXFileReference section */

/* Begin PBXFrameworksBuildPhase section */
		DCB8A61E1947C0AC0064597C /* Frameworks */ = {
			isa = PBXFrameworksBuildPhase;
			buildActionMask = 2147483647;
			files = (
				DC7925B919658F6F0010FDD6 /* AssetsLibrary.framework in Frameworks */,
				DC74894B1E06D52200526433 /* NKJMovieComposer.framework in Frameworks */,
				DCBF4B8019607872008C5A6B /* Foundation.framework in Frameworks */,
				DCBF4B7D19605123008C5A6B /* CoreMedia.framework in Frameworks */,
				DCB8A6441947C1370064597C /* AVFoundation.framework in Frameworks */,
				DC456F621947C10D0044304C /* UIKit.framework in Frameworks */,
			);
			runOnlyForDeploymentPostprocessing = 0;
		};
/* End PBXFrameworksBuildPhase section */

/* Begin PBXGroup section */
		DC98A01419624B2600EE80F2 /* Movies */ = {
			isa = PBXGroup;
			children = (
				DC98A01519624B2600EE80F2 /* movie001.mov */,
				DC98A01619624B2600EE80F2 /* movie002.mov */,
				DC98A01719624B2600EE80F2 /* movie_long001.mov */,
				DC98A01819624B2600EE80F2 /* movie_long002.mov */,
				DC98A01919624B2600EE80F2 /* movie_wipe001.mov */,
			);
			path = Movies;
			sourceTree = "<group>";
		};
		DCB8A6181947C0AC0064597C = {
			isa = PBXGroup;
			children = (
				DC74894A1E06D52200526433 /* NKJMovieComposer.framework */,
				DCB8A6231947C0AC0064597C /* NKJMovieComposerDemo */,
				DCB8A6221947C0AC0064597C /* Products */,
				DCBF4B7E19606A6D008C5A6B /* Frameworks */,
			);
			sourceTree = "<group>";
		};
		DCB8A6221947C0AC0064597C /* Products */ = {
			isa = PBXGroup;
			children = (
				DCB8A6211947C0AC0064597C /* NKJMovieComposerDemo.app */,
			);
			name = Products;
			sourceTree = "<group>";
		};
		DCB8A6231947C0AC0064597C /* NKJMovieComposerDemo */ = {
			isa = PBXGroup;
			children = (
				DC98A01419624B2600EE80F2 /* Movies */,
				DCB8A6261947C0AC0064597C /* AppDelegate.swift */,
				DCB8A62A1947C0AC0064597C /* Main.storyboard */,
				DCB8A6471947C39C0064597C /* Classes */,
				DCB8A62D1947C0AC0064597C /* Images.xcassets */,
				DCB8A6241947C0AC0064597C /* Supporting Files */,
				DCF928BB1BBC33EA00C40621 /* Launch Screen.storyboard */,
			);
			path = NKJMovieComposerDemo;
			sourceTree = "<group>";
		};
		DCB8A6241947C0AC0064597C /* Supporting Files */ = {
			isa = PBXGroup;
			children = (
				DCB8A6251947C0AC0064597C /* Info.plist */,
			);
			name = "Supporting Files";
			sourceTree = "<group>";
		};
		DCB8A6471947C39C0064597C /* Classes */ = {
			isa = PBXGroup;
			children = (
				DCB8A6481947C3C80064597C /* ViewController.swift */,
				DCB8A64C1947C4290064597C /* ConfirmViewController.swift */,
				DCB8A64A1947C41B0064597C /* LoadingImageView.swift */,
			);
			path = Classes;
			sourceTree = "<group>";
		};
		DCBF4B7E19606A6D008C5A6B /* Frameworks */ = {
			isa = PBXGroup;
			children = (
				DC79DE501C30F8BB001C598B /* NKJMovieComposer.framework */,
				DC7925B819658F6F0010FDD6 /* AssetsLibrary.framework */,
				DCBF4B7F19607872008C5A6B /* Foundation.framework */,
				DC456F611947C10D0044304C /* UIKit.framework */,
				DCB8A6431947C1370064597C /* AVFoundation.framework */,
				DCBF4B7C19605123008C5A6B /* CoreMedia.framework */,
			);
			name = Frameworks;
			sourceTree = "<group>";
		};
/* End PBXGroup section */

/* Begin PBXNativeTarget section */
		DCB8A6201947C0AC0064597C /* NKJMovieComposerDemo */ = {
			isa = PBXNativeTarget;
			buildConfigurationList = DCB8A63D1947C0AC0064597C /* Build configuration list for PBXNativeTarget "NKJMovieComposerDemo" */;
			buildPhases = (
				DCB8A61D1947C0AC0064597C /* Sources */,
				DCB8A61E1947C0AC0064597C /* Frameworks */,
				DCB8A61F1947C0AC0064597C /* Resources */,
				DC74894D1E06D52200526433 /* Embed Frameworks */,
			);
			buildRules = (
			);
			dependencies = (
			);
			name = NKJMovieComposerDemo;
			productName = NKJMovieComposerDemo;
			productReference = DCB8A6211947C0AC0064597C /* NKJMovieComposerDemo.app */;
			productType = "com.apple.product-type.application";
		};
/* End PBXNativeTarget section */

/* Begin PBXProject section */
		DCB8A6191947C0AC0064597C /* Project object */ = {
			isa = PBXProject;
			attributes = {
				LastSwiftMigration = 0700;
				LastSwiftUpdateCheck = 0700;
				LastUpgradeCheck = 1020;
				ORGANIZATIONNAME = net.nakajijapan;
				TargetAttributes = {
					DCB8A6201947C0AC0064597C = {
						CreatedOnToolsVersion = 6.0;
						DevelopmentTeam = CNE5C4C374;
						LastSwiftMigration = 0810;
					};
				};
			};
			buildConfigurationList = DCB8A61C1947C0AC0064597C /* Build configuration list for PBXProject "NKJMovieComposerDemo" */;
			compatibilityVersion = "Xcode 3.2";
			developmentRegion = en;
			hasScannedForEncodings = 0;
			knownRegions = (
				en,
				Base,
			);
			mainGroup = DCB8A6181947C0AC0064597C;
			productRefGroup = DCB8A6221947C0AC0064597C /* Products */;
			projectDirPath = "";
			projectRoot = "";
			targets = (
				DCB8A6201947C0AC0064597C /* NKJMovieComposerDemo */,
			);
		};
/* End PBXProject section */

/* Begin PBXResourcesBuildPhase section */
		DCB8A61F1947C0AC0064597C /* Resources */ = {
			isa = PBXResourcesBuildPhase;
			buildActionMask = 2147483647;
			files = (
				DC98A01E19624B2600EE80F2 /* movie_wipe001.mov in Resources */,
				DCB8A62C1947C0AC0064597C /* Main.storyboard in Resources */,
				DCF928BC1BBC33EA00C40621 /* Launch Screen.storyboard in Resources */,
				DC98A01C19624B2600EE80F2 /* movie_long001.mov in Resources */,
				DCB8A62E1947C0AC0064597C /* Images.xcassets in Resources */,
				DC98A01B19624B2600EE80F2 /* movie002.mov in Resources */,
				DC98A01D19624B2600EE80F2 /* movie_long002.mov in Resources */,
				DC98A01A19624B2600EE80F2 /* movie001.mov in Resources */,
			);
			runOnlyForDeploymentPostprocessing = 0;
		};
/* End PBXResourcesBuildPhase section */

/* Begin PBXSourcesBuildPhase section */
		DCB8A61D1947C0AC0064597C /* Sources */ = {
			isa = PBXSourcesBuildPhase;
			buildActionMask = 2147483647;
			files = (
				DCB8A64D1947C4290064597C /* ConfirmViewController.swift in Sources */,
				DCB8A6491947C3C80064597C /* ViewController.swift in Sources */,
				DCB8A64B1947C41B0064597C /* LoadingImageView.swift in Sources */,
				DCB8A6271947C0AC0064597C /* AppDelegate.swift in Sources */,
			);
			runOnlyForDeploymentPostprocessing = 0;
		};
/* End PBXSourcesBuildPhase section */

/* Begin PBXVariantGroup section */
		DCB8A62A1947C0AC0064597C /* Main.storyboard */ = {
			isa = PBXVariantGroup;
			children = (
				DCB8A62B1947C0AC0064597C /* Base */,
			);
			name = Main.storyboard;
			sourceTree = "<group>";
		};
/* End PBXVariantGroup section */

/* Begin XCBuildConfiguration section */
		DCB8A63B1947C0AC0064597C /* Debug */ = {
			isa = XCBuildConfiguration;
			buildSettings = {
				ALWAYS_SEARCH_USER_PATHS = NO;
				CLANG_CXX_LANGUAGE_STANDARD = "gnu++0x";
				CLANG_CXX_LIBRARY = "libc++";
				CLANG_ENABLE_MODULES = YES;
				CLANG_ENABLE_OBJC_ARC = YES;
				CLANG_WARN_BLOCK_CAPTURE_AUTORELEASING = YES;
				CLANG_WARN_BOOL_CONVERSION = YES;
				CLANG_WARN_COMMA = YES;
				CLANG_WARN_CONSTANT_CONVERSION = YES;
				CLANG_WARN_DEPRECATED_OBJC_IMPLEMENTATIONS = YES;
				CLANG_WARN_DIRECT_OBJC_ISA_USAGE = YES_ERROR;
				CLANG_WARN_EMPTY_BODY = YES;
				CLANG_WARN_ENUM_CONVERSION = YES;
				CLANG_WARN_INFINITE_RECURSION = YES;
				CLANG_WARN_INT_CONVERSION = YES;
				CLANG_WARN_NON_LITERAL_NULL_CONVERSION = YES;
				CLANG_WARN_OBJC_IMPLICIT_RETAIN_SELF = YES;
				CLANG_WARN_OBJC_LITERAL_CONVERSION = YES;
				CLANG_WARN_OBJC_ROOT_CLASS = YES_ERROR;
				CLANG_WARN_RANGE_LOOP_ANALYSIS = YES;
				CLANG_WARN_STRICT_PROTOTYPES = YES;
				CLANG_WARN_SUSPICIOUS_MOVE = YES;
				CLANG_WARN_UNREACHABLE_CODE = YES;
				CLANG_WARN__DUPLICATE_METHOD_MATCH = YES;
				"CODE_SIGN_IDENTITY[sdk=iphoneos*]" = "iPhone Developer";
				COPY_PHASE_STRIP = NO;
				ENABLE_STRICT_OBJC_MSGSEND = YES;
				ENABLE_TESTABILITY = YES;
				GCC_C_LANGUAGE_STANDARD = gnu99;
				GCC_DYNAMIC_NO_PIC = NO;
				GCC_NO_COMMON_BLOCKS = YES;
				GCC_OPTIMIZATION_LEVEL = 0;
				GCC_PREPROCESSOR_DEFINITIONS = (
					"DEBUG=1",
					"$(inherited)",
				);
				GCC_SYMBOLS_PRIVATE_EXTERN = NO;
				GCC_WARN_64_TO_32_BIT_CONVERSION = YES;
				GCC_WARN_ABOUT_RETURN_TYPE = YES_ERROR;
				GCC_WARN_UNDECLARED_SELECTOR = YES;
				GCC_WARN_UNINITIALIZED_AUTOS = YES_AGGRESSIVE;
				GCC_WARN_UNUSED_FUNCTION = YES;
				GCC_WARN_UNUSED_VARIABLE = YES;
				IPHONEOS_DEPLOYMENT_TARGET = 11.0;
				METAL_ENABLE_DEBUG_INFO = YES;
				ONLY_ACTIVE_ARCH = YES;
				SDKROOT = iphoneos;
				SWIFT_OPTIMIZATION_LEVEL = "-Onone";
			};
			name = Debug;
		};
		DCB8A63C1947C0AC0064597C /* Release */ = {
			isa = XCBuildConfiguration;
			buildSettings = {
				ALWAYS_SEARCH_USER_PATHS = NO;
				CLANG_CXX_LANGUAGE_STANDARD = "gnu++0x";
				CLANG_CXX_LIBRARY = "libc++";
				CLANG_ENABLE_MODULES = YES;
				CLANG_ENABLE_OBJC_ARC = YES;
				CLANG_WARN_BLOCK_CAPTURE_AUTORELEASING = YES;
				CLANG_WARN_BOOL_CONVERSION = YES;
				CLANG_WARN_COMMA = YES;
				CLANG_WARN_CONSTANT_CONVERSION = YES;
				CLANG_WARN_DEPRECATED_OBJC_IMPLEMENTATIONS = YES;
				CLANG_WARN_DIRECT_OBJC_ISA_USAGE = YES_ERROR;
				CLANG_WARN_EMPTY_BODY = YES;
				CLANG_WARN_ENUM_CONVERSION = YES;
				CLANG_WARN_INFINITE_RECURSION = YES;
				CLANG_WARN_INT_CONVERSION = YES;
				CLANG_WARN_NON_LITERAL_NULL_CONVERSION = YES;
				CLANG_WARN_OBJC_IMPLICIT_RETAIN_SELF = YES;
				CLANG_WARN_OBJC_LITERAL_CONVERSION = YES;
				CLANG_WARN_OBJC_ROOT_CLASS = YES_ERROR;
				CLANG_WARN_RANGE_LOOP_ANALYSIS = YES;
				CLANG_WARN_STRICT_PROTOTYPES = YES;
				CLANG_WARN_SUSPICIOUS_MOVE = YES;
				CLANG_WARN_UNREACHABLE_CODE = YES;
				CLANG_WARN__DUPLICATE_METHOD_MATCH = YES;
				"CODE_SIGN_IDENTITY[sdk=iphoneos*]" = "iPhone Developer";
				COPY_PHASE_STRIP = YES;
				ENABLE_NS_ASSERTIONS = NO;
				ENABLE_STRICT_OBJC_MSGSEND = YES;
				GCC_C_LANGUAGE_STANDARD = gnu99;
				GCC_NO_COMMON_BLOCKS = YES;
				GCC_WARN_64_TO_32_BIT_CONVERSION = YES;
				GCC_WARN_ABOUT_RETURN_TYPE = YES_ERROR;
				GCC_WARN_UNDECLARED_SELECTOR = YES;
				GCC_WARN_UNINITIALIZED_AUTOS = YES_AGGRESSIVE;
				GCC_WARN_UNUSED_FUNCTION = YES;
				GCC_WARN_UNUSED_VARIABLE = YES;
				IPHONEOS_DEPLOYMENT_TARGET = 11.0;
				METAL_ENABLE_DEBUG_INFO = NO;
				SDKROOT = iphoneos;
				SWIFT_OPTIMIZATION_LEVEL = "-Owholemodule";
				VALIDATE_PRODUCT = YES;
			};
			name = Release;
		};
		DCB8A63E1947C0AC0064597C /* Debug */ = {
			isa = XCBuildConfiguration;
			buildSettings = {
				ASSETCATALOG_COMPILER_APPICON_NAME = AppIcon;
				ASSETCATALOG_COMPILER_LAUNCHIMAGE_NAME = LaunchImage;
				DEVELOPMENT_TEAM = CNE5C4C374;
				INFOPLIST_FILE = NKJMovieComposerDemo/Info.plist;
				IPHONEOS_DEPLOYMENT_TARGET = 9.0;
				LD_RUNPATH_SEARCH_PATHS = "$(inherited) @executable_path/Frameworks";
				PRODUCT_BUNDLE_IDENTIFIER = "net.nakajijapan.${PRODUCT_NAME:rfc1034identifier}";
				PRODUCT_NAME = "$(TARGET_NAME)";
				SWIFT_VERSION = 5.0;
			};
			name = Debug;
		};
		DCB8A63F1947C0AC0064597C /* Release */ = {
			isa = XCBuildConfiguration;
			buildSettings = {
				ASSETCATALOG_COMPILER_APPICON_NAME = AppIcon;
				ASSETCATALOG_COMPILER_LAUNCHIMAGE_NAME = LaunchImage;
				DEVELOPMENT_TEAM = CNE5C4C374;
				INFOPLIST_FILE = NKJMovieComposerDemo/Info.plist;
				IPHONEOS_DEPLOYMENT_TARGET = 9.0;
				LD_RUNPATH_SEARCH_PATHS = "$(inherited) @executable_path/Frameworks";
				PRODUCT_BUNDLE_IDENTIFIER = "net.nakajijapan.${PRODUCT_NAME:rfc1034identifier}";
				PRODUCT_NAME = "$(TARGET_NAME)";
				SWIFT_VERSION = 5.0;
			};
			name = Release;
		};
/* End XCBuildConfiguration section */

/* Begin XCConfigurationList section */
		DCB8A61C1947C0AC0064597C /* Build configuration list for PBXProject "NKJMovieComposerDemo" */ = {
			isa = XCConfigurationList;
			buildConfigurations = (
				DCB8A63B1947C0AC0064597C /* Debug */,
				DCB8A63C1947C0AC0064597C /* Release */,
			);
			defaultConfigurationIsVisible = 0;
			defaultConfigurationName = Release;
		};
		DCB8A63D1947C0AC0064597C /* Build configuration list for PBXNativeTarget "NKJMovieComposerDemo" */ = {
			isa = XCConfigurationList;
			buildConfigurations = (
				DCB8A63E1947C0AC0064597C /* Debug */,
				DCB8A63F1947C0AC0064597C /* Release */,
			);
			defaultConfigurationIsVisible = 0;
			defaultConfigurationName = Release;
		};
/* End XCConfigurationList section */
	};
	rootObject = DCB8A6191947C0AC0064597C /* Project object */;
}
