// !$*UTF8*$!
{
	archiveVersion = 1;
	classes = {
	};
	objectVersion = 46;
	objects = {

/* Begin PBXBuildFile section */
		DC7489551E06E36800526433 /* NKJMovieComposerTests.swift in Sources */ = {isa = PBXBuildFile; fileRef = DC7489541E06E36700526433 /* NKJMovieComposerTests.swift */; };
		DC7489571E06E36800526433 /* NKJMovieComposer.framework in Frameworks */ = {isa = PBXBuildFile; fileRef = DC79DE321C30F67B001C598B /* NKJMovieComposer.framework */; };
		DC7489621E06E84700526433 /* movie_wipe001.mov in Resources */ = {isa = PBXBuildFile; fileRef = DC79DE8A1C310635001C598B /* movie_wipe001.mov */; };
		DC7489631E06E84700526433 /* movie_long002.mov in Resources */ = {isa = PBXBuildFile; fileRef = DC79DE881C310630001C598B /* movie_long002.mov */; };
		DC7489641E06E84700526433 /* movie_long001.mov in Resources */ = {isa = PBXBuildFile; fileRef = DC79DE861C310628001C598B /* movie_long001.mov */; };
		DC7489651E06E84700526433 /* movie002.mov in Resources */ = {isa = PBXBuildFile; fileRef = DC79DE841C310621001C598B /* movie002.mov */; };
		DC7489661E06E84700526433 /* movie001.mov in Resources */ = {isa = PBXBuildFile; fileRef = DC79DE821C310617001C598B /* movie001.mov */; };
		DC79DE4E1C30F781001C598B /* NKJMovieComposer.h in Headers */ = {isa = PBXBuildFile; fileRef = DC79DE4A1C30F6E9001C598B /* NKJMovieComposer.h */; settings = {ATTRIBUTES = (Public, ); }; };
		DC79DE4F1C30F78A001C598B /* NKJMovieComposer.swift in Sources */ = {isa = PBXBuildFile; fileRef = DC79DE2B1C30F61B001C598B /* NKJMovieComposer.swift */; };
		DC79DE701C31003F001C598B /* NKJMovieComposer.swift in Sources */ = {isa = PBXBuildFile; fileRef = DC79DE2B1C30F61B001C598B /* NKJMovieComposer.swift */; };
		DC79DE711C31026B001C598B /* NKJMovieComposer.h in Headers */ = {isa = PBXBuildFile; fileRef = DC79DE4A1C30F6E9001C598B /* NKJMovieComposer.h */; settings = {ATTRIBUTES = (Public, ); }; };
/* End PBXBuildFile section */

/* Begin PBXBuildRule section */
		DC79DE4D1C30F74E001C598B /* PBXBuildRule */ = {
			isa = PBXBuildRule;
			compilerSpec = com.apple.xcode.tools.swift.compiler;
			fileType = sourcecode.swift;
			isEditable = 1;
			outputFiles = (
			);
			script = "# $(SWIFT_EXEC)\n";
		};
/* End PBXBuildRule section */

/* Begin PBXContainerItemProxy section */
		DC7489581E06E36800526433 /* PBXContainerItemProxy */ = {
			isa = PBXContainerItemProxy;
			containerPortal = DC79DE051C30F532001C598B /* Project object */;
			proxyType = 1;
			remoteGlobalIDString = DC79DE311C30F67B001C598B;
			remoteInfo = "NKJMovieComposer-iOS";
		};
/* End PBXContainerItemProxy section */

/* Begin PBXFileReference section */
		DC7489521E06E36700526433 /* NKJMovieComposerTests.xctest */ = {isa = PBXFileReference; explicitFileType = wrapper.cfbundle; includeInIndex = 0; path = NKJMovieComposerTests.xctest; sourceTree = BUILT_PRODUCTS_DIR; };
		DC7489541E06E36700526433 /* NKJMovieComposerTests.swift */ = {isa = PBXFileReference; lastKnownFileType = sourcecode.swift; path = NKJMovieComposerTests.swift; sourceTree = "<group>"; };
		DC7489561E06E36800526433 /* Info.plist */ = {isa = PBXFileReference; lastKnownFileType = text.plist.xml; path = Info.plist; sourceTree = "<group>"; };
		DC79DE2B1C30F61B001C598B /* NKJMovieComposer.swift */ = {isa = PBXFileReference; fileEncoding = 4; lastKnownFileType = sourcecode.swift; path = NKJMovieComposer.swift; sourceTree = "<group>"; };
		DC79DE321C30F67B001C598B /* NKJMovieComposer.framework */ = {isa = PBXFileReference; explicitFileType = wrapper.framework; includeInIndex = 0; path = NKJMovieComposer.framework; sourceTree = BUILT_PRODUCTS_DIR; };
		DC79DE491C30F6E9001C598B /* Info.plist */ = {isa = PBXFileReference; fileEncoding = 4; lastKnownFileType = text.plist.xml; path = Info.plist; sourceTree = "<group>"; };
		DC79DE4A1C30F6E9001C598B /* NKJMovieComposer.h */ = {isa = PBXFileReference; fileEncoding = 4; lastKnownFileType = sourcecode.c.h; path = NKJMovieComposer.h; sourceTree = "<group>"; };
		DC79DE591C30FDA6001C598B /* NKJMovieComposer.framework */ = {isa = PBXFileReference; explicitFileType = wrapper.framework; includeInIndex = 0; path = NKJMovieComposer.framework; sourceTree = BUILT_PRODUCTS_DIR; };
		DC79DE821C310617001C598B /* movie001.mov */ = {isa = PBXFileReference; lastKnownFileType = video.quicktime; name = movie001.mov; path = NKJMovieComposerDemo/Movies/movie001.mov; sourceTree = "<group>"; };
		DC79DE841C310621001C598B /* movie002.mov */ = {isa = PBXFileReference; lastKnownFileType = video.quicktime; name = movie002.mov; path = NKJMovieComposerDemo/Movies/movie002.mov; sourceTree = "<group>"; };
		DC79DE861C310628001C598B /* movie_long001.mov */ = {isa = PBXFileReference; lastKnownFileType = video.quicktime; name = movie_long001.mov; path = NKJMovieComposerDemo/Movies/movie_long001.mov; sourceTree = "<group>"; };
		DC79DE881C310630001C598B /* movie_long002.mov */ = {isa = PBXFileReference; lastKnownFileType = video.quicktime; name = movie_long002.mov; path = NKJMovieComposerDemo/Movies/movie_long002.mov; sourceTree = "<group>"; };
		DC79DE8A1C310635001C598B /* movie_wipe001.mov */ = {isa = PBXFileReference; lastKnownFileType = video.quicktime; name = movie_wipe001.mov; path = NKJMovieComposerDemo/Movies/movie_wipe001.mov; sourceTree = "<group>"; };
/* End PBXFileReference section */

/* Begin PBXFrameworksBuildPhase section */
		DC74894F1E06E36700526433 /* Frameworks */ = {
			isa = PBXFrameworksBuildPhase;
			buildActionMask = 2147483647;
			files = (
				DC7489571E06E36800526433 /* NKJMovieComposer.framework in Frameworks */,
			);
			runOnlyForDeploymentPostprocessing = 0;
		};
		DC79DE2E1C30F67B001C598B /* Frameworks */ = {
			isa = PBXFrameworksBuildPhase;
			buildActionMask = 2147483647;
			files = (
			);
			runOnlyForDeploymentPostprocessing = 0;
		};
		DC79DE551C30FDA6001C598B /* Frameworks */ = {
			isa = PBXFrameworksBuildPhase;
			buildActionMask = 2147483647;
			files = (
			);
			runOnlyForDeploymentPostprocessing = 0;
		};
/* End PBXFrameworksBuildPhase section */

/* Begin PBXGroup section */
		DC7489531E06E36700526433 /* NKJMovieComposerTests */ = {
			isa = PBXGroup;
			children = (
				DC7489541E06E36700526433 /* NKJMovieComposerTests.swift */,
				DC7489561E06E36800526433 /* Info.plist */,
			);
			path = NKJMovieComposerTests;
			sourceTree = "<group>";
		};
		DC79DE041C30F532001C598B = {
			isa = PBXGroup;
			children = (
				DC79DE281C30F61B001C598B /* Sources */,
				DC79DE8F1C310CF3001C598B /* Resouces */,
				DC79DE331C30F67B001C598B /* NKJMovieComposer */,
				DC7489531E06E36700526433 /* NKJMovieComposerTests */,
				DC79DE0E1C30F532001C598B /* Products */,
			);
			sourceTree = "<group>";
		};
		DC79DE0E1C30F532001C598B /* Products */ = {
			isa = PBXGroup;
			children = (
				DC79DE321C30F67B001C598B /* NKJMovieComposer.framework */,
				DC79DE591C30FDA6001C598B /* NKJMovieComposer.framework */,
				DC7489521E06E36700526433 /* NKJMovieComposerTests.xctest */,
			);
			name = Products;
			sourceTree = "<group>";
		};
		DC79DE281C30F61B001C598B /* Sources */ = {
			isa = PBXGroup;
			children = (
				DC79DE291C30F61B001C598B /* Assets */,
				DC79DE2A1C30F61B001C598B /* Classes */,
			);
			path = Sources;
			sourceTree = "<group>";
		};
		DC79DE291C30F61B001C598B /* Assets */ = {
			isa = PBXGroup;
			children = (
			);
			path = Assets;
			sourceTree = "<group>";
		};
		DC79DE2A1C30F61B001C598B /* Classes */ = {
			isa = PBXGroup;
			children = (
				DC79DE2B1C30F61B001C598B /* NKJMovieComposer.swift */,
			);
			path = Classes;
			sourceTree = "<group>";
		};
		DC79DE331C30F67B001C598B /* NKJMovieComposer */ = {
			isa = PBXGroup;
			children = (
				DC79DE491C30F6E9001C598B /* Info.plist */,
				DC79DE4A1C30F6E9001C598B /* NKJMovieComposer.h */,
			);
			path = NKJMovieComposer;
			sourceTree = "<group>";
		};
		DC79DE8F1C310CF3001C598B /* Resouces */ = {
			isa = PBXGroup;
			children = (
				DC79DE8A1C310635001C598B /* movie_wipe001.mov */,
				DC79DE881C310630001C598B /* movie_long002.mov */,
				DC79DE861C310628001C598B /* movie_long001.mov */,
				DC79DE841C310621001C598B /* movie002.mov */,
				DC79DE821C310617001C598B /* movie001.mov */,
			);
			name = Resouces;
			sourceTree = "<group>";
		};
/* End PBXGroup section */

/* Begin PBXHeadersBuildPhase section */
		DC79DE2F1C30F67B001C598B /* Headers */ = {
			isa = PBXHeadersBuildPhase;
			buildActionMask = 2147483647;
			files = (
				DC79DE4E1C30F781001C598B /* NKJMovieComposer.h in Headers */,
			);
			runOnlyForDeploymentPostprocessing = 0;
		};
		DC79DE561C30FDA6001C598B /* Headers */ = {
			isa = PBXHeadersBuildPhase;
			buildActionMask = 2147483647;
			files = (
				DC79DE711C31026B001C598B /* NKJMovieComposer.h in Headers */,
			);
			runOnlyForDeploymentPostprocessing = 0;
		};
/* End PBXHeadersBuildPhase section */

/* Begin PBXNativeTarget section */
		DC7489511E06E36700526433 /* NKJMovieComposerTests */ = {
			isa = PBXNativeTarget;
			buildConfigurationList = DC74895A1E06E36800526433 /* Build configuration list for PBXNativeTarget "NKJMovieComposerTests" */;
			buildPhases = (
				DC74894E1E06E36700526433 /* Sources */,
				DC74894F1E06E36700526433 /* Frameworks */,
				DC7489501E06E36700526433 /* Resources */,
			);
			buildRules = (
			);
			dependencies = (
				DC7489591E06E36800526433 /* PBXTargetDependency */,
			);
			name = NKJMovieComposerTests;
			productName = NKJMovieComposerTests;
			productReference = DC7489521E06E36700526433 /* NKJMovieComposerTests.xctest */;
			productType = "com.apple.product-type.bundle.unit-test";
		};
		DC79DE311C30F67B001C598B /* NKJMovieComposer-iOS */ = {
			isa = PBXNativeTarget;
			buildConfigurationList = DC79DE431C30F67B001C598B /* Build configuration list for PBXNativeTarget "NKJMovieComposer-iOS" */;
			buildPhases = (
				DC79DE2D1C30F67B001C598B /* Sources */,
				DC79DE2E1C30F67B001C598B /* Frameworks */,
				DC79DE2F1C30F67B001C598B /* Headers */,
				DC79DE301C30F67B001C598B /* Resources */,
			);
			buildRules = (
				DC79DE4D1C30F74E001C598B /* PBXBuildRule */,
			);
			dependencies = (
			);
			name = "NKJMovieComposer-iOS";
			productName = NKJMovieComposer;
			productReference = DC79DE321C30F67B001C598B /* NKJMovieComposer.framework */;
			productType = "com.apple.product-type.framework";
		};
		DC79DE581C30FDA6001C598B /* NKJMovieComposer-Mac */ = {
			isa = PBXNativeTarget;
			buildConfigurationList = DC79DE6A1C30FDA6001C598B /* Build configuration list for PBXNativeTarget "NKJMovieComposer-Mac" */;
			buildPhases = (
				DC79DE541C30FDA6001C598B /* Sources */,
				DC79DE551C30FDA6001C598B /* Frameworks */,
				DC79DE561C30FDA6001C598B /* Headers */,
				DC79DE571C30FDA6001C598B /* Resources */,
			);
			buildRules = (
			);
			dependencies = (
			);
			name = "NKJMovieComposer-Mac";
			productName = "NKJMovieComposer-Mac";
			productReference = DC79DE591C30FDA6001C598B /* NKJMovieComposer.framework */;
			productType = "com.apple.product-type.framework";
		};
/* End PBXNativeTarget section */

/* Begin PBXProject section */
		DC79DE051C30F532001C598B /* Project object */ = {
			isa = PBXProject;
			attributes = {
				LastSwiftUpdateCheck = 0810;
				LastUpgradeCheck = 0810;
				ORGANIZATIONNAME = nakajijapan;
				TargetAttributes = {
					DC7489511E06E36700526433 = {
						CreatedOnToolsVersion = 8.1;
						DevelopmentTeam = CNE5C4C374;
						ProvisioningStyle = Automatic;
					};
					DC79DE311C30F67B001C598B = {
						CreatedOnToolsVersion = 7.2;
						LastSwiftMigration = 0810;
					};
					DC79DE581C30FDA6001C598B = {
						CreatedOnToolsVersion = 7.2;
					};
				};
			};
			buildConfigurationList = DC79DE081C30F532001C598B /* Build configuration list for PBXProject "NKJMovieComposer" */;
			compatibilityVersion = "Xcode 3.2";
			developmentRegion = English;
			hasScannedForEncodings = 0;
			knownRegions = (
				en,
				Base,
			);
			mainGroup = DC79DE041C30F532001C598B;
			productRefGroup = DC79DE0E1C30F532001C598B /* Products */;
			projectDirPath = "";
			projectRoot = "";
			targets = (
				DC79DE311C30F67B001C598B /* NKJMovieComposer-iOS */,
				DC79DE581C30FDA6001C598B /* NKJMovieComposer-Mac */,
				DC7489511E06E36700526433 /* NKJMovieComposerTests */,
			);
		};
/* End PBXProject section */

/* Begin PBXResourcesBuildPhase section */
		DC7489501E06E36700526433 /* Resources */ = {
			isa = PBXResourcesBuildPhase;
			buildActionMask = 2147483647;
			files = (
				DC7489661E06E84700526433 /* movie001.mov in Resources */,
				DC7489631E06E84700526433 /* movie_long002.mov in Resources */,
				DC7489641E06E84700526433 /* movie_long001.mov in Resources */,
				DC7489651E06E84700526433 /* movie002.mov in Resources */,
				DC7489621E06E84700526433 /* movie_wipe001.mov in Resources */,
			);
			runOnlyForDeploymentPostprocessing = 0;
		};
		DC79DE301C30F67B001C598B /* Resources */ = {
			isa = PBXResourcesBuildPhase;
			buildActionMask = 2147483647;
			files = (
			);
			runOnlyForDeploymentPostprocessing = 0;
		};
		DC79DE571C30FDA6001C598B /* Resources */ = {
			isa = PBXResourcesBuildPhase;
			buildActionMask = 2147483647;
			files = (
			);
			runOnlyForDeploymentPostprocessing = 0;
		};
/* End PBXResourcesBuildPhase section */

/* Begin PBXSourcesBuildPhase section */
		DC74894E1E06E36700526433 /* Sources */ = {
			isa = PBXSourcesBuildPhase;
			buildActionMask = 2147483647;
			files = (
				DC7489551E06E36800526433 /* NKJMovieComposerTests.swift in Sources */,
			);
			runOnlyForDeploymentPostprocessing = 0;
		};
		DC79DE2D1C30F67B001C598B /* Sources */ = {
			isa = PBXSourcesBuildPhase;
			buildActionMask = 2147483647;
			files = (
				DC79DE4F1C30F78A001C598B /* NKJMovieComposer.swift in Sources */,
			);
			runOnlyForDeploymentPostprocessing = 0;
		};
		DC79DE541C30FDA6001C598B /* Sources */ = {
			isa = PBXSourcesBuildPhase;
			buildActionMask = 2147483647;
			files = (
				DC79DE701C31003F001C598B /* NKJMovieComposer.swift in Sources */,
			);
			runOnlyForDeploymentPostprocessing = 0;
		};
/* End PBXSourcesBuildPhase section */

/* Begin PBXTargetDependency section */
		DC7489591E06E36800526433 /* PBXTargetDependency */ = {
			isa = PBXTargetDependency;
			target = DC79DE311C30F67B001C598B /* NKJMovieComposer-iOS */;
			targetProxy = DC7489581E06E36800526433 /* PBXContainerItemProxy */;
		};
/* End PBXTargetDependency section */

/* Begin XCBuildConfiguration section */
		DC74895B1E06E36800526433 /* Debug */ = {
			isa = XCBuildConfiguration;
			buildSettings = {
				CLANG_ANALYZER_NONNULL = YES;
				CLANG_WARN_DOCUMENTATION_COMMENTS = YES;
				CLANG_WARN_SUSPICIOUS_MOVES = YES;
				DEVELOPMENT_TEAM = CNE5C4C374;
				INFOPLIST_FILE = NKJMovieComposerTests/Info.plist;
				IPHONEOS_DEPLOYMENT_TARGET = 10.1;
				LD_RUNPATH_SEARCH_PATHS = "$(inherited) @executable_path/Frameworks @loader_path/Frameworks";
				PRODUCT_BUNDLE_IDENTIFIER = net.nakajijapan.NKJMovieComposerTests;
				PRODUCT_NAME = "$(TARGET_NAME)";
				SWIFT_ACTIVE_COMPILATION_CONDITIONS = DEBUG;
				SWIFT_VERSION = 3.0.1;
			};
			name = Debug;
		};
		DC74895C1E06E36800526433 /* Release */ = {
			isa = XCBuildConfiguration;
			buildSettings = {
				CLANG_ANALYZER_NONNULL = YES;
				CLANG_WARN_DOCUMENTATION_COMMENTS = YES;
				CLANG_WARN_SUSPICIOUS_MOVES = YES;
				DEVELOPMENT_TEAM = CNE5C4C374;
				INFOPLIST_FILE = NKJMovieComposerTests/Info.plist;
				IPHONEOS_DEPLOYMENT_TARGET = 10.1;
				LD_RUNPATH_SEARCH_PATHS = "$(inherited) @executable_path/Frameworks @loader_path/Frameworks";
				PRODUCT_BUNDLE_IDENTIFIER = net.nakajijapan.NKJMovieComposerTests;
				PRODUCT_NAME = "$(TARGET_NAME)";
				SWIFT_VERSION = 3.0.1;
			};
			name = Release;
		};
		DC79DE1D1C30F532001C598B /* Debug */ = {
			isa = XCBuildConfiguration;
			buildSettings = {
				ALWAYS_SEARCH_USER_PATHS = NO;
				CLANG_CXX_LANGUAGE_STANDARD = "gnu++0x";
				CLANG_CXX_LIBRARY = "libc++";
				CLANG_ENABLE_MODULES = YES;
				CLANG_ENABLE_OBJC_ARC = YES;
				CLANG_WARN_BOOL_CONVERSION = YES;
				CLANG_WARN_CONSTANT_CONVERSION = YES;
				CLANG_WARN_DIRECT_OBJC_ISA_USAGE = YES_ERROR;
				CLANG_WARN_EMPTY_BODY = YES;
				CLANG_WARN_ENUM_CONVERSION = YES;
				CLANG_WARN_INFINITE_RECURSION = YES;
				CLANG_WARN_INT_CONVERSION = YES;
				CLANG_WARN_OBJC_ROOT_CLASS = YES_ERROR;
				CLANG_WARN_SUSPICIOUS_MOVE = YES;
				CLANG_WARN_UNREACHABLE_CODE = YES;
				CLANG_WARN__DUPLICATE_METHOD_MATCH = YES;
				"CODE_SIGN_IDENTITY[sdk=iphoneos*]" = "iPhone Developer";
				COPY_PHASE_STRIP = NO;
				DEBUG_INFORMATION_FORMAT = dwarf;
				ENABLE_STRICT_OBJC_MSGSEND = YES;
				ENABLE_TESTABILITY = YES;
				GCC_C_LANGUAGE_STANDARD = gnu99;
				GCC_DYNAMIC_NO_PIC = NO;
				GCC_NO_COMMON_BLOCKS = YES;
				GCC_OPTIMIZATION_LEVEL = 0;
				GCC_PREPROCESSOR_DEFINITIONS = (
					"DEBUG=1",
					"$(inherited)",
				);
				GCC_WARN_64_TO_32_BIT_CONVERSION = YES;
				GCC_WARN_ABOUT_RETURN_TYPE = YES_ERROR;
				GCC_WARN_UNDECLARED_SELECTOR = YES;
				GCC_WARN_UNINITIALIZED_AUTOS = YES_AGGRESSIVE;
				GCC_WARN_UNUSED_FUNCTION = YES;
				GCC_WARN_UNUSED_VARIABLE = YES;
				IPHONEOS_DEPLOYMENT_TARGET = 8.0;
				MACOSX_DEPLOYMENT_TARGET = 10.10;
				MTL_ENABLE_DEBUG_INFO = YES;
				ONLY_ACTIVE_ARCH = YES;
				SDKROOT = iphoneos;
				SWIFT_OPTIMIZATION_LEVEL = "-Onone";
				SWIFT_VERSION = 3.0.1;
			};
			name = Debug;
		};
		DC79DE1E1C30F532001C598B /* Release */ = {
			isa = XCBuildConfiguration;
			buildSettings = {
				ALWAYS_SEARCH_USER_PATHS = NO;
				CLANG_CXX_LANGUAGE_STANDARD = "gnu++0x";
				CLANG_CXX_LIBRARY = "libc++";
				CLANG_ENABLE_MODULES = YES;
				CLANG_ENABLE_OBJC_ARC = YES;
				CLANG_WARN_BOOL_CONVERSION = YES;
				CLANG_WARN_CONSTANT_CONVERSION = YES;
				CLANG_WARN_DIRECT_OBJC_ISA_USAGE = YES_ERROR;
				CLANG_WARN_EMPTY_BODY = YES;
				CLANG_WARN_ENUM_CONVERSION = YES;
				CLANG_WARN_INFINITE_RECURSION = YES;
				CLANG_WARN_INT_CONVERSION = YES;
				CLANG_WARN_OBJC_ROOT_CLASS = YES_ERROR;
				CLANG_WARN_SUSPICIOUS_MOVE = YES;
				CLANG_WARN_UNREACHABLE_CODE = YES;
				CLANG_WARN__DUPLICATE_METHOD_MATCH = YES;
				"CODE_SIGN_IDENTITY[sdk=iphoneos*]" = "iPhone Developer";
				COPY_PHASE_STRIP = NO;
				DEBUG_INFORMATION_FORMAT = "dwarf-with-dsym";
				ENABLE_NS_ASSERTIONS = NO;
				ENABLE_STRICT_OBJC_MSGSEND = YES;
				GCC_C_LANGUAGE_STANDARD = gnu99;
				GCC_NO_COMMON_BLOCKS = YES;
				GCC_WARN_64_TO_32_BIT_CONVERSION = YES;
				GCC_WARN_ABOUT_RETURN_TYPE = YES_ERROR;
				GCC_WARN_UNDECLARED_SELECTOR = YES;
				GCC_WARN_UNINITIALIZED_AUTOS = YES_AGGRESSIVE;
				GCC_WARN_UNUSED_FUNCTION = YES;
				GCC_WARN_UNUSED_VARIABLE = YES;
				IPHONEOS_DEPLOYMENT_TARGET = 8.0;
				MACOSX_DEPLOYMENT_TARGET = 10.10;
				MTL_ENABLE_DEBUG_INFO = NO;
				SDKROOT = iphoneos;
				SWIFT_OPTIMIZATION_LEVEL = "-Owholemodule";
				SWIFT_VERSION = 3.0.1;
				VALIDATE_PRODUCT = YES;
			};
			name = Release;
		};
		DC79DE441C30F67B001C598B /* Debug */ = {
			isa = XCBuildConfiguration;
			buildSettings = {
				"CODE_SIGN_IDENTITY[sdk=iphoneos*]" = "";
				CURRENT_PROJECT_VERSION = 1;
				DEFINES_MODULE = YES;
				DYLIB_COMPATIBILITY_VERSION = 1;
				DYLIB_CURRENT_VERSION = 1;
				DYLIB_INSTALL_NAME_BASE = "@rpath";
				INFOPLIST_FILE = NKJMovieComposer/Info.plist;
				INSTALL_PATH = "$(LOCAL_LIBRARY_DIR)/Frameworks";
				IPHONEOS_DEPLOYMENT_TARGET = 9.0;
				LD_RUNPATH_SEARCH_PATHS = "$(inherited) @executable_path/Frameworks @loader_path/Frameworks";
				PRODUCT_BUNDLE_IDENTIFIER = net.nakajijapan.NKJMovieComposer;
				PRODUCT_NAME = "$(PROJECT_NAME)";
				SKIP_INSTALL = YES;
				SWIFT_VERSION = 3.0.1;
				TARGETED_DEVICE_FAMILY = "1,2";
				VERSIONING_SYSTEM = "apple-generic";
				VERSION_INFO_PREFIX = "";
			};
			name = Debug;
		};
		DC79DE451C30F67B001C598B /* Release */ = {
			isa = XCBuildConfiguration;
			buildSettings = {
				"CODE_SIGN_IDENTITY[sdk=iphoneos*]" = "";
				CURRENT_PROJECT_VERSION = 1;
				DEFINES_MODULE = YES;
				DYLIB_COMPATIBILITY_VERSION = 1;
				DYLIB_CURRENT_VERSION = 1;
				DYLIB_INSTALL_NAME_BASE = "@rpath";
				INFOPLIST_FILE = NKJMovieComposer/Info.plist;
				INSTALL_PATH = "$(LOCAL_LIBRARY_DIR)/Frameworks";
				IPHONEOS_DEPLOYMENT_TARGET = 9.0;
				LD_RUNPATH_SEARCH_PATHS = "$(inherited) @executable_path/Frameworks @loader_path/Frameworks";
				PRODUCT_BUNDLE_IDENTIFIER = net.nakajijapan.NKJMovieComposer;
				PRODUCT_NAME = "$(PROJECT_NAME)";
				SKIP_INSTALL = YES;
				SWIFT_VERSION = 3.0.1;
				TARGETED_DEVICE_FAMILY = "1,2";
				VERSIONING_SYSTEM = "apple-generic";
				VERSION_INFO_PREFIX = "";
			};
			name = Release;
		};
		DC79DE6B1C30FDA6001C598B /* Debug */ = {
			isa = XCBuildConfiguration;
			buildSettings = {
				CODE_SIGN_IDENTITY = "-";
				COMBINE_HIDPI_IMAGES = YES;
				CURRENT_PROJECT_VERSION = 1;
				DEFINES_MODULE = YES;
				DYLIB_COMPATIBILITY_VERSION = 1;
				DYLIB_CURRENT_VERSION = 1;
				DYLIB_INSTALL_NAME_BASE = "@rpath";
				FRAMEWORK_VERSION = A;
				INFOPLIST_FILE = NKJMovieComposer/Info.plist;
				INSTALL_PATH = "$(LOCAL_LIBRARY_DIR)/Frameworks";
				LD_RUNPATH_SEARCH_PATHS = "$(inherited) @executable_path/../Frameworks @loader_path/Frameworks";
				MACOSX_DEPLOYMENT_TARGET = 10.11;
				PRODUCT_BUNDLE_IDENTIFIER = net.nakajijapan.NKJMovieComposer;
				PRODUCT_NAME = "$(PROJECT_NAME)";
				SDKROOT = macosx;
				SKIP_INSTALL = YES;
				SWIFT_VERSION = 3.0.1;
				VERSIONING_SYSTEM = "apple-generic";
				VERSION_INFO_PREFIX = "";
			};
			name = Debug;
		};
		DC79DE6C1C30FDA6001C598B /* Release */ = {
			isa = XCBuildConfiguration;
			buildSettings = {
				CODE_SIGN_IDENTITY = "-";
				COMBINE_HIDPI_IMAGES = YES;
				CURRENT_PROJECT_VERSION = 1;
				DEFINES_MODULE = YES;
				DYLIB_COMPATIBILITY_VERSION = 1;
				DYLIB_CURRENT_VERSION = 1;
				DYLIB_INSTALL_NAME_BASE = "@rpath";
				FRAMEWORK_VERSION = A;
				INFOPLIST_FILE = NKJMovieComposer/Info.plist;
				INSTALL_PATH = "$(LOCAL_LIBRARY_DIR)/Frameworks";
				LD_RUNPATH_SEARCH_PATHS = "$(inherited) @executable_path/../Frameworks @loader_path/Frameworks";
				MACOSX_DEPLOYMENT_TARGET = 10.11;
				PRODUCT_BUNDLE_IDENTIFIER = net.nakajijapan.NKJMovieComposer;
				PRODUCT_NAME = "$(PROJECT_NAME)";
				SDKROOT = macosx;
				SKIP_INSTALL = YES;
				SWIFT_VERSION = 3.0.1;
				VERSIONING_SYSTEM = "apple-generic";
				VERSION_INFO_PREFIX = "";
			};
			name = Release;
		};
/* End XCBuildConfiguration section */

/* Begin XCConfigurationList section */
		DC74895A1E06E36800526433 /* Build configuration list for PBXNativeTarget "NKJMovieComposerTests" */ = {
			isa = XCConfigurationList;
			buildConfigurations = (
				DC74895B1E06E36800526433 /* Debug */,
				DC74895C1E06E36800526433 /* Release */,
			);
			defaultConfigurationIsVisible = 0;
		};
		DC79DE081C30F532001C598B /* Build configuration list for PBXProject "NKJMovieComposer" */ = {
			isa = XCConfigurationList;
			buildConfigurations = (
				DC79DE1D1C30F532001C598B /* Debug */,
				DC79DE1E1C30F532001C598B /* Release */,
			);
			defaultConfigurationIsVisible = 0;
			defaultConfigurationName = Release;
		};
		DC79DE431C30F67B001C598B /* Build configuration list for PBXNativeTarget "NKJMovieComposer-iOS" */ = {
			isa = XCConfigurationList;
			buildConfigurations = (
				DC79DE441C30F67B001C598B /* Debug */,
				DC79DE451C30F67B001C598B /* Release */,
			);
			defaultConfigurationIsVisible = 0;
			defaultConfigurationName = Release;
		};
		DC79DE6A1C30FDA6001C598B /* Build configuration list for PBXNativeTarget "NKJMovieComposer-Mac" */ = {
			isa = XCConfigurationList;
			buildConfigurations = (
				DC79DE6B1C30FDA6001C598B /* Debug */,
				DC79DE6C1C30FDA6001C598B /* Release */,
			);
			defaultConfigurationIsVisible = 0;
			defaultConfigurationName = Release;
		};
/* End XCConfigurationList section */
	};
	rootObject = DC79DE051C30F532001C598B /* Project object */;
}
